
Microsoft Visual Studio Solution File, Format Version 12.00
# Visual Studio Version 17
VisualStudioVersion = 17.0.31903.59
MinimumVisualStudioVersion = 10.0.40219.1
Project("{FAE04EC0-301F-11D3-BF4B-00C04F79EFBC}") = "Core", "Core\Core.csproj", "{1AEA46B7-9F60-48E7-9EE0-1B811331B953}"
EndProject
Project("{FAE04EC0-301F-11D3-BF4B-00C04F79EFBC}") = "Infrastructure", "Infrastructure\Infrastructure.csproj", "{54E7FA0A-4E5B-4D11-9072-CFEF9B1759BE}"
EndProject
Project("{FAE04EC0-301F-11D3-BF4B-00C04F79EFBC}") = "Web", "Web\Web.csproj", "{4D05D900-6D3A-4391-A321-F58E30CC28A4}"
EndProject
Global
	GlobalSection(SolutionConfigurationPlatforms) = preSolution
		Debug|Any CPU = Debug|Any CPU
		Release|Any CPU = Release|Any CPU
	EndGlobalSection
	GlobalSection(SolutionProperties) = preSolution
		HideSolutionNode = FALSE
	EndGlobalSection
	GlobalSection(ProjectConfigurationPlatforms) = postSolution
		{1AEA46B7-9F60-48E7-9EE0-1B811331B953}.Debug|Any CPU.ActiveCfg = Debug|Any CPU
		{1AEA46B7-9F60-48E7-9EE0-1B811331B953}.Debug|Any CPU.Build.0 = Debug|Any CPU
		{1AEA46B7-9F60-48E7-9EE0-1B811331B953}.Release|Any CPU.ActiveCfg = Release|Any CPU
		{1AEA46B7-9F60-48E7-9EE0-1B811331B953}.Release|Any CPU.Build.0 = Release|Any CPU
		{54E7FA0A-4E5B-4D11-9072-CFEF9B1759BE}.Debug|Any CPU.ActiveCfg = Debug|Any CPU
		{54E7FA0A-4E5B-4D11-9072-CFEF9B1759BE}.Debug|Any CPU.Build.0 = Debug|Any CPU
		{54E7FA0A-4E5B-4D11-9072-CFEF9B1759BE}.Release|Any CPU.ActiveCfg = Release|Any CPU
		{54E7FA0A-4E5B-4D11-9072-CFEF9B1759BE}.Release|Any CPU.Build.0 = Release|Any CPU
		{4D05D900-6D3A-4391-A321-F58E30CC28A4}.Debug|Any CPU.ActiveCfg = Debug|Any CPU
		{4D05D900-6D3A-4391-A321-F58E30CC28A4}.Debug|Any CPU.Build.0 = Debug|Any CPU
		{4D05D900-6D3A-4391-A321-F58E30CC28A4}.Release|Any CPU.ActiveCfg = Release|Any CPU
		{4D05D900-6D3A-4391-A321-F58E30CC28A4}.Release|Any CPU.Build.0 = Release|Any CPU
	EndGlobalSection
EndGlobal
