
Microsoft Visual Studio Solution File, Format Version 12.00
# Visual Studio Version 17
VisualStudioVersion = 17.0.31903.59
MinimumVisualStudioVersion = 10.0.40219.1
Project("{2150E333-8FDC-42A3-9474-1A3956D46DE8}") = "srcs", "srcs", "{EC8EEEE2-8E3F-4949-874F-4F72A019077A}"
EndProject
Project("{FAE04EC0-301F-11D3-BF4B-00C04F79EFBC}") = "Core", "srcs\Core\Core.csproj", "{833FE54D-C6EA-46E1-B9B4-F5C03BACCEDD}"
EndProject
Project("{FAE04EC0-301F-11D3-BF4B-00C04F79EFBC}") = "Infrastructure", "srcs\Infrastructure\Infrastructure.csproj", "{96195272-19F6-485E-ACA3-A957FB782A64}"
EndProject
Project("{FAE04EC0-301F-11D3-BF4B-00C04F79EFBC}") = "Web", "srcs\Web\Web.csproj", "{1809D85F-FDE5-4E11-BD35-65BECE638EA5}"
EndProject
Project("{2150E333-8FDC-42A3-9474-1A3956D46DE8}") = "tests", "tests", "{3F35A40E-4CD4-4D0B-BCAE-2AC2C9636980}"
EndProject
Project("{2150E333-8FDC-42A3-9474-1A3956D46DE8}") = "Core", "Core", "{C0A9B1E3-A813-4001-8BA2-EED585FDD89D}"
EndProject
Project("{FAE04EC0-301F-11D3-BF4B-00C04F79EFBC}") = "IntegrationTests", "tests\Core\IntegrationTests\IntegrationTests.csproj", "{5CA6DAFA-58C5-4D12-96FD-8C1B903E716D}"
EndProject
Project("{FAE04EC0-301F-11D3-BF4B-00C04F79EFBC}") = "UnitTests", "tests\Core\UnitTests\UnitTests.csproj", "{851E29DA-F1E1-47AF-9175-48C53BE1915E}"
EndProject
Project("{2150E333-8FDC-42A3-9474-1A3956D46DE8}") = "Infrastructure", "Infrastructure", "{D7E07081-478E-441C-B77A-86B92D8A41F1}"
EndProject
Project("{FAE04EC0-301F-11D3-BF4B-00C04F79EFBC}") = "IntegrationTests", "tests\Infrastructure\IntegrationTests\IntegrationTests.csproj", "{510024B7-8D0D-4A2A-B177-5F1C5F65AA83}"
EndProject
Project("{2150E333-8FDC-42A3-9474-1A3956D46DE8}") = "Web", "Web", "{75747DCA-EE91-47CC-B75C-987A6107E204}"
EndProject
Project("{FAE04EC0-301F-11D3-BF4B-00C04F79EFBC}") = "IntegrationTests", "tests\Web\IntegrationTests\IntegrationTests.csproj", "{7A103482-C441-4664-AE2C-39A7216B9060}"
EndProject
Project("{FAE04EC0-301F-11D3-BF4B-00C04F79EFBC}") = "UnitTests", "tests\Web\UnitTests\UnitTests.csproj", "{A1E0F67A-2ED7-476B-8306-7721E5E7C8E1}"
EndProject
Global
	GlobalSection(SolutionConfigurationPlatforms) = preSolution
		Debug|Any CPU = Debug|Any CPU
		Release|Any CPU = Release|Any CPU
	EndGlobalSection
	GlobalSection(SolutionProperties) = preSolution
		HideSolutionNode = FALSE
	EndGlobalSection
	GlobalSection(ProjectConfigurationPlatforms) = postSolution
		{833FE54D-C6EA-46E1-B9B4-F5C03BACCEDD}.Debug|Any CPU.ActiveCfg = Debug|Any CPU
		{833FE54D-C6EA-46E1-B9B4-F5C03BACCEDD}.Debug|Any CPU.Build.0 = Debug|Any CPU
		{833FE54D-C6EA-46E1-B9B4-F5C03BACCEDD}.Release|Any CPU.ActiveCfg = Release|Any CPU
		{833FE54D-C6EA-46E1-B9B4-F5C03BACCEDD}.Release|Any CPU.Build.0 = Release|Any CPU
		{96195272-19F6-485E-ACA3-A957FB782A64}.Debug|Any CPU.ActiveCfg = Debug|Any CPU
		{96195272-19F6-485E-ACA3-A957FB782A64}.Debug|Any CPU.Build.0 = Debug|Any CPU
		{96195272-19F6-485E-ACA3-A957FB782A64}.Release|Any CPU.ActiveCfg = Release|Any CPU
		{96195272-19F6-485E-ACA3-A957FB782A64}.Release|Any CPU.Build.0 = Release|Any CPU
		{1809D85F-FDE5-4E11-BD35-65BECE638EA5}.Debug|Any CPU.ActiveCfg = Debug|Any CPU
		{1809D85F-FDE5-4E11-BD35-65BECE638EA5}.Debug|Any CPU.Build.0 = Debug|Any CPU
		{1809D85F-FDE5-4E11-BD35-65BECE638EA5}.Release|Any CPU.ActiveCfg = Release|Any CPU
		{1809D85F-FDE5-4E11-BD35-65BECE638EA5}.Release|Any CPU.Build.0 = Release|Any CPU
		{5CA6DAFA-58C5-4D12-96FD-8C1B903E716D}.Debug|Any CPU.ActiveCfg = Debug|Any CPU
		{5CA6DAFA-58C5-4D12-96FD-8C1B903E716D}.Debug|Any CPU.Build.0 = Debug|Any CPU
		{5CA6DAFA-58C5-4D12-96FD-8C1B903E716D}.Release|Any CPU.ActiveCfg = Release|Any CPU
		{5CA6DAFA-58C5-4D12-96FD-8C1B903E716D}.Release|Any CPU.Build.0 = Release|Any CPU
		{851E29DA-F1E1-47AF-9175-48C53BE1915E}.Debug|Any CPU.ActiveCfg = Debug|Any CPU
		{851E29DA-F1E1-47AF-9175-48C53BE1915E}.Debug|Any CPU.Build.0 = Debug|Any CPU
		{851E29DA-F1E1-47AF-9175-48C53BE1915E}.Release|Any CPU.ActiveCfg = Release|Any CPU
		{851E29DA-F1E1-47AF-9175-48C53BE1915E}.Release|Any CPU.Build.0 = Release|Any CPU
		{510024B7-8D0D-4A2A-B177-5F1C5F65AA83}.Debug|Any CPU.ActiveCfg = Debug|Any CPU
		{510024B7-8D0D-4A2A-B177-5F1C5F65AA83}.Debug|Any CPU.Build.0 = Debug|Any CPU
		{510024B7-8D0D-4A2A-B177-5F1C5F65AA83}.Release|Any CPU.ActiveCfg = Release|Any CPU
		{510024B7-8D0D-4A2A-B177-5F1C5F65AA83}.Release|Any CPU.Build.0 = Release|Any CPU
		{7A103482-C441-4664-AE2C-39A7216B9060}.Debug|Any CPU.ActiveCfg = Debug|Any CPU
		{7A103482-C441-4664-AE2C-39A7216B9060}.Debug|Any CPU.Build.0 = Debug|Any CPU
		{7A103482-C441-4664-AE2C-39A7216B9060}.Release|Any CPU.ActiveCfg = Release|Any CPU
		{7A103482-C441-4664-AE2C-39A7216B9060}.Release|Any CPU.Build.0 = Release|Any CPU
		{A1E0F67A-2ED7-476B-8306-7721E5E7C8E1}.Debug|Any CPU.ActiveCfg = Debug|Any CPU
		{A1E0F67A-2ED7-476B-8306-7721E5E7C8E1}.Debug|Any CPU.Build.0 = Debug|Any CPU
		{A1E0F67A-2ED7-476B-8306-7721E5E7C8E1}.Release|Any CPU.ActiveCfg = Release|Any CPU
		{A1E0F67A-2ED7-476B-8306-7721E5E7C8E1}.Release|Any CPU.Build.0 = Release|Any CPU
	EndGlobalSection
	GlobalSection(NestedProjects) = preSolution
		{833FE54D-C6EA-46E1-B9B4-F5C03BACCEDD} = {EC8EEEE2-8E3F-4949-874F-4F72A019077A}
		{96195272-19F6-485E-ACA3-A957FB782A64} = {EC8EEEE2-8E3F-4949-874F-4F72A019077A}
		{1809D85F-FDE5-4E11-BD35-65BECE638EA5} = {EC8EEEE2-8E3F-4949-874F-4F72A019077A}
		{C0A9B1E3-A813-4001-8BA2-EED585FDD89D} = {3F35A40E-4CD4-4D0B-BCAE-2AC2C9636980}
		{5CA6DAFA-58C5-4D12-96FD-8C1B903E716D} = {C0A9B1E3-A813-4001-8BA2-EED585FDD89D}
		{851E29DA-F1E1-47AF-9175-48C53BE1915E} = {C0A9B1E3-A813-4001-8BA2-EED585FDD89D}
		{D7E07081-478E-441C-B77A-86B92D8A41F1} = {3F35A40E-4CD4-4D0B-BCAE-2AC2C9636980}
		{510024B7-8D0D-4A2A-B177-5F1C5F65AA83} = {D7E07081-478E-441C-B77A-86B92D8A41F1}
		{75747DCA-EE91-47CC-B75C-987A6107E204} = {3F35A40E-4CD4-4D0B-BCAE-2AC2C9636980}
		{7A103482-C441-4664-AE2C-39A7216B9060} = {75747DCA-EE91-47CC-B75C-987A6107E204}
		{A1E0F67A-2ED7-476B-8306-7721E5E7C8E1} = {75747DCA-EE91-47CC-B75C-987A6107E204}
	EndGlobalSection
EndGlobal
