
Microsoft Visual Studio Solution File, Format Version 12.00
# Visual Studio Version 17
VisualStudioVersion = 17.0.31903.59
MinimumVisualStudioVersion = 10.0.40219.1
Project("{2150E333-8FDC-42A3-9474-1A3956D46DE8}") = "tests", "tests", "{7A88BF00-2CD7-463A-9FCA-B32F7FDA7E16}"
EndProject
Project("{2150E333-8FDC-42A3-9474-1A3956D46DE8}") = "Core", "Core", "{F17EB6AC-A5E8-4EAD-920D-8A7E19206EA8}"
EndProject
Project("{FAE04EC0-301F-11D3-BF4B-00C04F79EFBC}") = "UnitTests", "tests\Core\UnitTests\UnitTests.csproj", "{A62C4D42-920F-4813-917C-9DC407E04BF9}"
EndProject
Project("{FAE04EC0-301F-11D3-BF4B-00C04F79EFBC}") = "Core", "srcs\Core\Core.csproj", "{367B4C33-9075-4884-B1B7-65004D845C88}"
EndProject
Project("{2150E333-8FDC-42A3-9474-1A3956D46DE8}") = "srcs", "srcs", "{9D8E97DE-F049-47D2-ACEB-C2328B5BEF5E}"
EndProject
Project("{FAE04EC0-301F-11D3-BF4B-00C04F79EFBC}") = "Web", "srcs\Web\Web.csproj", "{DE9F0DEE-1F0C-455F-8D62-99F44815B66B}"
EndProject
Project("{2150E333-8FDC-42A3-9474-1A3956D46DE8}") = "Web", "Web", "{7DD7D33F-FDB4-403E-9506-C28EB2816BA9}"
EndProject
Project("{FAE04EC0-301F-11D3-BF4B-00C04F79EFBC}") = "IntegrationTests", "tests\Web\IntegrationTests\IntegrationTests.csproj", "{9BA43BA1-D023-4C23-A2C9-0C96A47D7B58}"
EndProject
Project("{FAE04EC0-301F-11D3-BF4B-00C04F79EFBC}") = "Appservices", "srcs\Appservices\Appservices.csproj", "{DC9101E2-E74C-4591-AE48-AB30A9322FCB}"
EndProject
Project("{FAE04EC0-301F-11D3-BF4B-00C04F79EFBC}") = "Infrastructure", "srcs\Infrastructure\Infrastructure.csproj", "{D71F8F07-599C-483B-ADAF-A00959CA6EF4}"
EndProject
Project("{2150E333-8FDC-42A3-9474-1A3956D46DE8}") = "Infrastructure", "Infrastructure", "{A3B04AEA-B883-4843-87EE-758CD0D2C58B}"
EndProject
Project("{FAE04EC0-301F-11D3-BF4B-00C04F79EFBC}") = "IntegrationTests", "tests\Infrastructure\IntegrationTests\IntegrationTests.csproj", "{7F0CD25D-D178-426E-B5D2-5DA2C3AB7078}"
EndProject
Project("{2150E333-8FDC-42A3-9474-1A3956D46DE8}") = "Appservices", "Appservices", "{3EC61519-A829-4DEA-983B-8B6C8321F13F}"
EndProject
Project("{FAE04EC0-301F-11D3-BF4B-00C04F79EFBC}") = "UnitTests", "tests\Appservices\UnitTests\UnitTests.csproj", "{0EF58DF9-9AC3-40A2-B15D-F99E91978B40}"
EndProject
Project("{FAE04EC0-301F-11D3-BF4B-00C04F79EFBC}") = "IntegrationTests", "tests\Appservices\IntegrationTests\IntegrationTests.csproj", "{A451325F-5618-423A-B2F1-1A3248279C39}"
EndProject
Project("{FAE04EC0-301F-11D3-BF4B-00C04F79EFBC}") = "UnitTests", "tests\Web\UnitTests\UnitTests.csproj", "{FF12BC3A-AA35-491B-90B8-F745199E8155}"
EndProject
Global
	GlobalSection(SolutionConfigurationPlatforms) = preSolution
		Debug|Any CPU = Debug|Any CPU
		Release|Any CPU = Release|Any CPU
	EndGlobalSection
	GlobalSection(SolutionProperties) = preSolution
		HideSolutionNode = FALSE
	EndGlobalSection
	GlobalSection(ProjectConfigurationPlatforms) = postSolution
		{A62C4D42-920F-4813-917C-9DC407E04BF9}.Debug|Any CPU.ActiveCfg = Debug|Any CPU
		{A62C4D42-920F-4813-917C-9DC407E04BF9}.Debug|Any CPU.Build.0 = Debug|Any CPU
		{A62C4D42-920F-4813-917C-9DC407E04BF9}.Release|Any CPU.ActiveCfg = Release|Any CPU
		{A62C4D42-920F-4813-917C-9DC407E04BF9}.Release|Any CPU.Build.0 = Release|Any CPU
		{367B4C33-9075-4884-B1B7-65004D845C88}.Debug|Any CPU.ActiveCfg = Debug|Any CPU
		{367B4C33-9075-4884-B1B7-65004D845C88}.Debug|Any CPU.Build.0 = Debug|Any CPU
		{367B4C33-9075-4884-B1B7-65004D845C88}.Release|Any CPU.ActiveCfg = Release|Any CPU
		{367B4C33-9075-4884-B1B7-65004D845C88}.Release|Any CPU.Build.0 = Release|Any CPU
		{DE9F0DEE-1F0C-455F-8D62-99F44815B66B}.Debug|Any CPU.ActiveCfg = Debug|Any CPU
		{DE9F0DEE-1F0C-455F-8D62-99F44815B66B}.Debug|Any CPU.Build.0 = Debug|Any CPU
		{DE9F0DEE-1F0C-455F-8D62-99F44815B66B}.Release|Any CPU.ActiveCfg = Release|Any CPU
		{DE9F0DEE-1F0C-455F-8D62-99F44815B66B}.Release|Any CPU.Build.0 = Release|Any CPU
		{9BA43BA1-D023-4C23-A2C9-0C96A47D7B58}.Debug|Any CPU.ActiveCfg = Debug|Any CPU
		{9BA43BA1-D023-4C23-A2C9-0C96A47D7B58}.Debug|Any CPU.Build.0 = Debug|Any CPU
		{9BA43BA1-D023-4C23-A2C9-0C96A47D7B58}.Release|Any CPU.ActiveCfg = Release|Any CPU
		{9BA43BA1-D023-4C23-A2C9-0C96A47D7B58}.Release|Any CPU.Build.0 = Release|Any CPU
		{DC9101E2-E74C-4591-AE48-AB30A9322FCB}.Debug|Any CPU.ActiveCfg = Debug|Any CPU
		{DC9101E2-E74C-4591-AE48-AB30A9322FCB}.Debug|Any CPU.Build.0 = Debug|Any CPU
		{DC9101E2-E74C-4591-AE48-AB30A9322FCB}.Release|Any CPU.ActiveCfg = Release|Any CPU
		{DC9101E2-E74C-4591-AE48-AB30A9322FCB}.Release|Any CPU.Build.0 = Release|Any CPU
		{D71F8F07-599C-483B-ADAF-A00959CA6EF4}.Debug|Any CPU.ActiveCfg = Debug|Any CPU
		{D71F8F07-599C-483B-ADAF-A00959CA6EF4}.Debug|Any CPU.Build.0 = Debug|Any CPU
		{D71F8F07-599C-483B-ADAF-A00959CA6EF4}.Release|Any CPU.ActiveCfg = Release|Any CPU
		{D71F8F07-599C-483B-ADAF-A00959CA6EF4}.Release|Any CPU.Build.0 = Release|Any CPU
		{7F0CD25D-D178-426E-B5D2-5DA2C3AB7078}.Debug|Any CPU.ActiveCfg = Debug|Any CPU
		{7F0CD25D-D178-426E-B5D2-5DA2C3AB7078}.Debug|Any CPU.Build.0 = Debug|Any CPU
		{7F0CD25D-D178-426E-B5D2-5DA2C3AB7078}.Release|Any CPU.ActiveCfg = Release|Any CPU
		{7F0CD25D-D178-426E-B5D2-5DA2C3AB7078}.Release|Any CPU.Build.0 = Release|Any CPU
		{BE7194FB-6DE1-4F3A-9CF8-22790A0FB035}.Debug|Any CPU.ActiveCfg = Debug|Any CPU
		{BE7194FB-6DE1-4F3A-9CF8-22790A0FB035}.Debug|Any CPU.Build.0 = Debug|Any CPU
		{BE7194FB-6DE1-4F3A-9CF8-22790A0FB035}.Release|Any CPU.ActiveCfg = Release|Any CPU
		{BE7194FB-6DE1-4F3A-9CF8-22790A0FB035}.Release|Any CPU.Build.0 = Release|Any CPU
		{0EF58DF9-9AC3-40A2-B15D-F99E91978B40}.Debug|Any CPU.ActiveCfg = Debug|Any CPU
		{0EF58DF9-9AC3-40A2-B15D-F99E91978B40}.Debug|Any CPU.Build.0 = Debug|Any CPU
		{0EF58DF9-9AC3-40A2-B15D-F99E91978B40}.Release|Any CPU.ActiveCfg = Release|Any CPU
		{0EF58DF9-9AC3-40A2-B15D-F99E91978B40}.Release|Any CPU.Build.0 = Release|Any CPU
		{A451325F-5618-423A-B2F1-1A3248279C39}.Debug|Any CPU.ActiveCfg = Debug|Any CPU
		{A451325F-5618-423A-B2F1-1A3248279C39}.Debug|Any CPU.Build.0 = Debug|Any CPU
		{A451325F-5618-423A-B2F1-1A3248279C39}.Release|Any CPU.ActiveCfg = Release|Any CPU
		{A451325F-5618-423A-B2F1-1A3248279C39}.Release|Any CPU.Build.0 = Release|Any CPU
		{FF12BC3A-AA35-491B-90B8-F745199E8155}.Debug|Any CPU.ActiveCfg = Debug|Any CPU
		{FF12BC3A-AA35-491B-90B8-F745199E8155}.Debug|Any CPU.Build.0 = Debug|Any CPU
		{FF12BC3A-AA35-491B-90B8-F745199E8155}.Release|Any CPU.ActiveCfg = Release|Any CPU
		{FF12BC3A-AA35-491B-90B8-F745199E8155}.Release|Any CPU.Build.0 = Release|Any CPU
	EndGlobalSection
	GlobalSection(NestedProjects) = preSolution
		{F17EB6AC-A5E8-4EAD-920D-8A7E19206EA8} = {7A88BF00-2CD7-463A-9FCA-B32F7FDA7E16}
		{A62C4D42-920F-4813-917C-9DC407E04BF9} = {F17EB6AC-A5E8-4EAD-920D-8A7E19206EA8}
		{DE9F0DEE-1F0C-455F-8D62-99F44815B66B} = {9D8E97DE-F049-47D2-ACEB-C2328B5BEF5E}
		{7DD7D33F-FDB4-403E-9506-C28EB2816BA9} = {7A88BF00-2CD7-463A-9FCA-B32F7FDA7E16}
		{9BA43BA1-D023-4C23-A2C9-0C96A47D7B58} = {7DD7D33F-FDB4-403E-9506-C28EB2816BA9}
		{DC9101E2-E74C-4591-AE48-AB30A9322FCB} = {9D8E97DE-F049-47D2-ACEB-C2328B5BEF5E}
		{D71F8F07-599C-483B-ADAF-A00959CA6EF4} = {9D8E97DE-F049-47D2-ACEB-C2328B5BEF5E}
		{A3B04AEA-B883-4843-87EE-758CD0D2C58B} = {7A88BF00-2CD7-463A-9FCA-B32F7FDA7E16}
		{7F0CD25D-D178-426E-B5D2-5DA2C3AB7078} = {A3B04AEA-B883-4843-87EE-758CD0D2C58B}
		{3EC61519-A829-4DEA-983B-8B6C8321F13F} = {7A88BF00-2CD7-463A-9FCA-B32F7FDA7E16}
		{0EF58DF9-9AC3-40A2-B15D-F99E91978B40} = {3EC61519-A829-4DEA-983B-8B6C8321F13F}
		{A451325F-5618-423A-B2F1-1A3248279C39} = {3EC61519-A829-4DEA-983B-8B6C8321F13F}
		{FF12BC3A-AA35-491B-90B8-F745199E8155} = {7DD7D33F-FDB4-403E-9506-C28EB2816BA9}
	EndGlobalSection
EndGlobal
